
Microsoft Visual Studio Solution File, Format Version 12.00
# Visual Studio 15
VisualStudioVersion = 15.0.27130.2036
MinimumVisualStudioVersion = 10.0.40219.1
Project("{FAE04EC0-301F-11D3-BF4B-00C04F79EFBC}") = "ManagerGpsMap.Android", "ManagerGpsMap\ManagerGpsMap.Android\ManagerGpsMap.Android.csproj", "{D50C4652-8762-417A-A1B8-1A876A95CAEB}"
EndProject
Project("{FAE04EC0-301F-11D3-BF4B-00C04F79EFBC}") = "ManagerGpsMap.iOS", "ManagerGpsMap\ManagerGpsMap.iOS\ManagerGpsMap.iOS.csproj", "{21CFB303-117A-492C-852B-D6AF52B39F1D}"
EndProject
Project("{FAE04EC0-301F-11D3-BF4B-00C04F79EFBC}") = "ManagerGpsMap.UWP", "ManagerGpsMap\ManagerGpsMap.UWP\ManagerGpsMap.UWP.csproj", "{9EAE90B3-FCA0-4305-9142-0EE2E96A91E3}"
EndProject
Project("{FAE04EC0-301F-11D3-BF4B-00C04F79EFBC}") = "ManagerGpsMap", "ManagerGpsMap\ManagerGpsMap\ManagerGpsMap.csproj", "{4CFB80CB-D91C-4146-B425-E9EA208CB0B1}"
EndProject
Global
	GlobalSection(SolutionConfigurationPlatforms) = preSolution
		Ad-Hoc|Any CPU = Ad-Hoc|Any CPU
		Ad-Hoc|ARM = Ad-Hoc|ARM
		Ad-Hoc|iPhone = Ad-Hoc|iPhone
		Ad-Hoc|iPhoneSimulator = Ad-Hoc|iPhoneSimulator
		Ad-Hoc|x64 = Ad-Hoc|x64
		Ad-Hoc|x86 = Ad-Hoc|x86
		AppStore|Any CPU = AppStore|Any CPU
		AppStore|ARM = AppStore|ARM
		AppStore|iPhone = AppStore|iPhone
		AppStore|iPhoneSimulator = AppStore|iPhoneSimulator
		AppStore|x64 = AppStore|x64
		AppStore|x86 = AppStore|x86
		Debug|Any CPU = Debug|Any CPU
		Debug|ARM = Debug|ARM
		Debug|iPhone = Debug|iPhone
		Debug|iPhoneSimulator = Debug|iPhoneSimulator
		Debug|x64 = Debug|x64
		Debug|x86 = Debug|x86
		Release|Any CPU = Release|Any CPU
		Release|ARM = Release|ARM
		Release|iPhone = Release|iPhone
		Release|iPhoneSimulator = Release|iPhoneSimulator
		Release|x64 = Release|x64
		Release|x86 = Release|x86
	EndGlobalSection
	GlobalSection(ProjectConfigurationPlatforms) = postSolution
		{D50C4652-8762-417A-A1B8-1A876A95CAEB}.Ad-Hoc|Any CPU.ActiveCfg = Release|Any CPU
		{D50C4652-8762-417A-A1B8-1A876A95CAEB}.Ad-Hoc|Any CPU.Build.0 = Release|Any CPU
		{D50C4652-8762-417A-A1B8-1A876A95CAEB}.Ad-Hoc|Any CPU.Deploy.0 = Release|Any CPU
		{D50C4652-8762-417A-A1B8-1A876A95CAEB}.Ad-Hoc|ARM.ActiveCfg = Release|Any CPU
		{D50C4652-8762-417A-A1B8-1A876A95CAEB}.Ad-Hoc|ARM.Build.0 = Release|Any CPU
		{D50C4652-8762-417A-A1B8-1A876A95CAEB}.Ad-Hoc|ARM.Deploy.0 = Release|Any CPU
		{D50C4652-8762-417A-A1B8-1A876A95CAEB}.Ad-Hoc|iPhone.ActiveCfg = Release|Any CPU
		{D50C4652-8762-417A-A1B8-1A876A95CAEB}.Ad-Hoc|iPhone.Build.0 = Release|Any CPU
		{D50C4652-8762-417A-A1B8-1A876A95CAEB}.Ad-Hoc|iPhone.Deploy.0 = Release|Any CPU
		{D50C4652-8762-417A-A1B8-1A876A95CAEB}.Ad-Hoc|iPhoneSimulator.ActiveCfg = Release|Any CPU
		{D50C4652-8762-417A-A1B8-1A876A95CAEB}.Ad-Hoc|iPhoneSimulator.Build.0 = Release|Any CPU
		{D50C4652-8762-417A-A1B8-1A876A95CAEB}.Ad-Hoc|iPhoneSimulator.Deploy.0 = Release|Any CPU
		{D50C4652-8762-417A-A1B8-1A876A95CAEB}.Ad-Hoc|x64.ActiveCfg = Release|Any CPU
		{D50C4652-8762-417A-A1B8-1A876A95CAEB}.Ad-Hoc|x64.Build.0 = Release|Any CPU
		{D50C4652-8762-417A-A1B8-1A876A95CAEB}.Ad-Hoc|x64.Deploy.0 = Release|Any CPU
		{D50C4652-8762-417A-A1B8-1A876A95CAEB}.Ad-Hoc|x86.ActiveCfg = Release|Any CPU
		{D50C4652-8762-417A-A1B8-1A876A95CAEB}.Ad-Hoc|x86.Build.0 = Release|Any CPU
		{D50C4652-8762-417A-A1B8-1A876A95CAEB}.Ad-Hoc|x86.Deploy.0 = Release|Any CPU
		{D50C4652-8762-417A-A1B8-1A876A95CAEB}.AppStore|Any CPU.ActiveCfg = Release|Any CPU
		{D50C4652-8762-417A-A1B8-1A876A95CAEB}.AppStore|Any CPU.Build.0 = Release|Any CPU
		{D50C4652-8762-417A-A1B8-1A876A95CAEB}.AppStore|Any CPU.Deploy.0 = Release|Any CPU
		{D50C4652-8762-417A-A1B8-1A876A95CAEB}.AppStore|ARM.ActiveCfg = Release|Any CPU
		{D50C4652-8762-417A-A1B8-1A876A95CAEB}.AppStore|ARM.Build.0 = Release|Any CPU
		{D50C4652-8762-417A-A1B8-1A876A95CAEB}.AppStore|ARM.Deploy.0 = Release|Any CPU
		{D50C4652-8762-417A-A1B8-1A876A95CAEB}.AppStore|iPhone.ActiveCfg = Release|Any CPU
		{D50C4652-8762-417A-A1B8-1A876A95CAEB}.AppStore|iPhone.Build.0 = Release|Any CPU
		{D50C4652-8762-417A-A1B8-1A876A95CAEB}.AppStore|iPhone.Deploy.0 = Release|Any CPU
		{D50C4652-8762-417A-A1B8-1A876A95CAEB}.AppStore|iPhoneSimulator.ActiveCfg = Release|Any CPU
		{D50C4652-8762-417A-A1B8-1A876A95CAEB}.AppStore|iPhoneSimulator.Build.0 = Release|Any CPU
		{D50C4652-8762-417A-A1B8-1A876A95CAEB}.AppStore|iPhoneSimulator.Deploy.0 = Release|Any CPU
		{D50C4652-8762-417A-A1B8-1A876A95CAEB}.AppStore|x64.ActiveCfg = Release|Any CPU
		{D50C4652-8762-417A-A1B8-1A876A95CAEB}.AppStore|x64.Build.0 = Release|Any CPU
		{D50C4652-8762-417A-A1B8-1A876A95CAEB}.AppStore|x64.Deploy.0 = Release|Any CPU
		{D50C4652-8762-417A-A1B8-1A876A95CAEB}.AppStore|x86.ActiveCfg = Release|Any CPU
		{D50C4652-8762-417A-A1B8-1A876A95CAEB}.AppStore|x86.Build.0 = Release|Any CPU
		{D50C4652-8762-417A-A1B8-1A876A95CAEB}.AppStore|x86.Deploy.0 = Release|Any CPU
		{D50C4652-8762-417A-A1B8-1A876A95CAEB}.Debug|Any CPU.ActiveCfg = Debug|Any CPU
		{D50C4652-8762-417A-A1B8-1A876A95CAEB}.Debug|Any CPU.Build.0 = Debug|Any CPU
		{D50C4652-8762-417A-A1B8-1A876A95CAEB}.Debug|Any CPU.Deploy.0 = Debug|Any CPU
		{D50C4652-8762-417A-A1B8-1A876A95CAEB}.Debug|ARM.ActiveCfg = Debug|Any CPU
		{D50C4652-8762-417A-A1B8-1A876A95CAEB}.Debug|ARM.Build.0 = Debug|Any CPU
		{D50C4652-8762-417A-A1B8-1A876A95CAEB}.Debug|ARM.Deploy.0 = Debug|Any CPU
		{D50C4652-8762-417A-A1B8-1A876A95CAEB}.Debug|iPhone.ActiveCfg = Debug|Any CPU
		{D50C4652-8762-417A-A1B8-1A876A95CAEB}.Debug|iPhone.Build.0 = Debug|Any CPU
		{D50C4652-8762-417A-A1B8-1A876A95CAEB}.Debug|iPhone.Deploy.0 = Debug|Any CPU
		{D50C4652-8762-417A-A1B8-1A876A95CAEB}.Debug|iPhoneSimulator.ActiveCfg = Debug|Any CPU
		{D50C4652-8762-417A-A1B8-1A876A95CAEB}.Debug|iPhoneSimulator.Build.0 = Debug|Any CPU
		{D50C4652-8762-417A-A1B8-1A876A95CAEB}.Debug|iPhoneSimulator.Deploy.0 = Debug|Any CPU
		{D50C4652-8762-417A-A1B8-1A876A95CAEB}.Debug|x64.ActiveCfg = Debug|Any CPU
		{D50C4652-8762-417A-A1B8-1A876A95CAEB}.Debug|x64.Build.0 = Debug|Any CPU
		{D50C4652-8762-417A-A1B8-1A876A95CAEB}.Debug|x64.Deploy.0 = Debug|Any CPU
		{D50C4652-8762-417A-A1B8-1A876A95CAEB}.Debug|x86.ActiveCfg = Debug|Any CPU
		{D50C4652-8762-417A-A1B8-1A876A95CAEB}.Debug|x86.Build.0 = Debug|Any CPU
		{D50C4652-8762-417A-A1B8-1A876A95CAEB}.Debug|x86.Deploy.0 = Debug|Any CPU
		{D50C4652-8762-417A-A1B8-1A876A95CAEB}.Release|Any CPU.ActiveCfg = Release|Any CPU
		{D50C4652-8762-417A-A1B8-1A876A95CAEB}.Release|Any CPU.Build.0 = Release|Any CPU
		{D50C4652-8762-417A-A1B8-1A876A95CAEB}.Release|Any CPU.Deploy.0 = Release|Any CPU
		{D50C4652-8762-417A-A1B8-1A876A95CAEB}.Release|ARM.ActiveCfg = Release|Any CPU
		{D50C4652-8762-417A-A1B8-1A876A95CAEB}.Release|ARM.Build.0 = Release|Any CPU
		{D50C4652-8762-417A-A1B8-1A876A95CAEB}.Release|ARM.Deploy.0 = Release|Any CPU
		{D50C4652-8762-417A-A1B8-1A876A95CAEB}.Release|iPhone.ActiveCfg = Release|Any CPU
		{D50C4652-8762-417A-A1B8-1A876A95CAEB}.Release|iPhone.Build.0 = Release|Any CPU
		{D50C4652-8762-417A-A1B8-1A876A95CAEB}.Release|iPhone.Deploy.0 = Release|Any CPU
		{D50C4652-8762-417A-A1B8-1A876A95CAEB}.Release|iPhoneSimulator.ActiveCfg = Release|Any CPU
		{D50C4652-8762-417A-A1B8-1A876A95CAEB}.Release|iPhoneSimulator.Build.0 = Release|Any CPU
		{D50C4652-8762-417A-A1B8-1A876A95CAEB}.Release|iPhoneSimulator.Deploy.0 = Release|Any CPU
		{D50C4652-8762-417A-A1B8-1A876A95CAEB}.Release|x64.ActiveCfg = Release|Any CPU
		{D50C4652-8762-417A-A1B8-1A876A95CAEB}.Release|x64.Build.0 = Release|Any CPU
		{D50C4652-8762-417A-A1B8-1A876A95CAEB}.Release|x64.Deploy.0 = Release|Any CPU
		{D50C4652-8762-417A-A1B8-1A876A95CAEB}.Release|x86.ActiveCfg = Release|Any CPU
		{D50C4652-8762-417A-A1B8-1A876A95CAEB}.Release|x86.Build.0 = Release|Any CPU
		{D50C4652-8762-417A-A1B8-1A876A95CAEB}.Release|x86.Deploy.0 = Release|Any CPU
		{21CFB303-117A-492C-852B-D6AF52B39F1D}.Ad-Hoc|Any CPU.ActiveCfg = Ad-Hoc|iPhone
		{21CFB303-117A-492C-852B-D6AF52B39F1D}.Ad-Hoc|ARM.ActiveCfg = Ad-Hoc|iPhone
		{21CFB303-117A-492C-852B-D6AF52B39F1D}.Ad-Hoc|iPhone.ActiveCfg = Ad-Hoc|iPhone
		{21CFB303-117A-492C-852B-D6AF52B39F1D}.Ad-Hoc|iPhone.Build.0 = Ad-Hoc|iPhone
		{21CFB303-117A-492C-852B-D6AF52B39F1D}.Ad-Hoc|iPhoneSimulator.ActiveCfg = Ad-Hoc|iPhoneSimulator
		{21CFB303-117A-492C-852B-D6AF52B39F1D}.Ad-Hoc|iPhoneSimulator.Build.0 = Ad-Hoc|iPhoneSimulator
		{21CFB303-117A-492C-852B-D6AF52B39F1D}.Ad-Hoc|x64.ActiveCfg = Ad-Hoc|iPhone
		{21CFB303-117A-492C-852B-D6AF52B39F1D}.Ad-Hoc|x86.ActiveCfg = Ad-Hoc|iPhone
		{21CFB303-117A-492C-852B-D6AF52B39F1D}.AppStore|Any CPU.ActiveCfg = AppStore|iPhone
		{21CFB303-117A-492C-852B-D6AF52B39F1D}.AppStore|ARM.ActiveCfg = AppStore|iPhone
		{21CFB303-117A-492C-852B-D6AF52B39F1D}.AppStore|iPhone.ActiveCfg = AppStore|iPhone
		{21CFB303-117A-492C-852B-D6AF52B39F1D}.AppStore|iPhone.Build.0 = AppStore|iPhone
		{21CFB303-117A-492C-852B-D6AF52B39F1D}.AppStore|iPhoneSimulator.ActiveCfg = AppStore|iPhoneSimulator
		{21CFB303-117A-492C-852B-D6AF52B39F1D}.AppStore|iPhoneSimulator.Build.0 = AppStore|iPhoneSimulator
		{21CFB303-117A-492C-852B-D6AF52B39F1D}.AppStore|x64.ActiveCfg = AppStore|iPhone
		{21CFB303-117A-492C-852B-D6AF52B39F1D}.AppStore|x86.ActiveCfg = AppStore|iPhone
		{21CFB303-117A-492C-852B-D6AF52B39F1D}.Debug|Any CPU.ActiveCfg = Debug|iPhone
		{21CFB303-117A-492C-852B-D6AF52B39F1D}.Debug|ARM.ActiveCfg = Debug|iPhone
		{21CFB303-117A-492C-852B-D6AF52B39F1D}.Debug|iPhone.ActiveCfg = Debug|iPhone
		{21CFB303-117A-492C-852B-D6AF52B39F1D}.Debug|iPhone.Build.0 = Debug|iPhone
		{21CFB303-117A-492C-852B-D6AF52B39F1D}.Debug|iPhoneSimulator.ActiveCfg = Debug|iPhoneSimulator
		{21CFB303-117A-492C-852B-D6AF52B39F1D}.Debug|iPhoneSimulator.Build.0 = Debug|iPhoneSimulator
		{21CFB303-117A-492C-852B-D6AF52B39F1D}.Debug|x64.ActiveCfg = Debug|iPhone
		{21CFB303-117A-492C-852B-D6AF52B39F1D}.Debug|x86.ActiveCfg = Debug|iPhone
		{21CFB303-117A-492C-852B-D6AF52B39F1D}.Release|Any CPU.ActiveCfg = Release|iPhone
		{21CFB303-117A-492C-852B-D6AF52B39F1D}.Release|ARM.ActiveCfg = Release|iPhone
		{21CFB303-117A-492C-852B-D6AF52B39F1D}.Release|iPhone.ActiveCfg = Release|iPhone
		{21CFB303-117A-492C-852B-D6AF52B39F1D}.Release|iPhone.Build.0 = Release|iPhone
		{21CFB303-117A-492C-852B-D6AF52B39F1D}.Release|iPhoneSimulator.ActiveCfg = Release|iPhoneSimulator
		{21CFB303-117A-492C-852B-D6AF52B39F1D}.Release|iPhoneSimulator.Build.0 = Release|iPhoneSimulator
		{21CFB303-117A-492C-852B-D6AF52B39F1D}.Release|x64.ActiveCfg = Release|iPhone
		{21CFB303-117A-492C-852B-D6AF52B39F1D}.Release|x86.ActiveCfg = Release|iPhone
		{9EAE90B3-FCA0-4305-9142-0EE2E96A91E3}.Ad-Hoc|Any CPU.ActiveCfg = Release|x86
		{9EAE90B3-FCA0-4305-9142-0EE2E96A91E3}.Ad-Hoc|Any CPU.Build.0 = Release|x86
		{9EAE90B3-FCA0-4305-9142-0EE2E96A91E3}.Ad-Hoc|Any CPU.Deploy.0 = Release|x86
		{9EAE90B3-FCA0-4305-9142-0EE2E96A91E3}.Ad-Hoc|ARM.ActiveCfg = Release|ARM
		{9EAE90B3-FCA0-4305-9142-0EE2E96A91E3}.Ad-Hoc|ARM.Build.0 = Release|ARM
		{9EAE90B3-FCA0-4305-9142-0EE2E96A91E3}.Ad-Hoc|ARM.Deploy.0 = Release|ARM
		{9EAE90B3-FCA0-4305-9142-0EE2E96A91E3}.Ad-Hoc|iPhone.ActiveCfg = Release|x86
		{9EAE90B3-FCA0-4305-9142-0EE2E96A91E3}.Ad-Hoc|iPhone.Build.0 = Release|x86
		{9EAE90B3-FCA0-4305-9142-0EE2E96A91E3}.Ad-Hoc|iPhone.Deploy.0 = Release|x86
		{9EAE90B3-FCA0-4305-9142-0EE2E96A91E3}.Ad-Hoc|iPhoneSimulator.ActiveCfg = Release|x86
		{9EAE90B3-FCA0-4305-9142-0EE2E96A91E3}.Ad-Hoc|iPhoneSimulator.Build.0 = Release|x86
		{9EAE90B3-FCA0-4305-9142-0EE2E96A91E3}.Ad-Hoc|iPhoneSimulator.Deploy.0 = Release|x86
		{9EAE90B3-FCA0-4305-9142-0EE2E96A91E3}.Ad-Hoc|x64.ActiveCfg = Release|x64
		{9EAE90B3-FCA0-4305-9142-0EE2E96A91E3}.Ad-Hoc|x64.Build.0 = Release|x64
		{9EAE90B3-FCA0-4305-9142-0EE2E96A91E3}.Ad-Hoc|x64.Deploy.0 = Release|x64
		{9EAE90B3-FCA0-4305-9142-0EE2E96A91E3}.Ad-Hoc|x86.ActiveCfg = Release|x86
		{9EAE90B3-FCA0-4305-9142-0EE2E96A91E3}.Ad-Hoc|x86.Build.0 = Release|x86
		{9EAE90B3-FCA0-4305-9142-0EE2E96A91E3}.Ad-Hoc|x86.Deploy.0 = Release|x86
		{9EAE90B3-FCA0-4305-9142-0EE2E96A91E3}.AppStore|Any CPU.ActiveCfg = Release|x86
		{9EAE90B3-FCA0-4305-9142-0EE2E96A91E3}.AppStore|Any CPU.Build.0 = Release|x86
		{9EAE90B3-FCA0-4305-9142-0EE2E96A91E3}.AppStore|Any CPU.Deploy.0 = Release|x86
		{9EAE90B3-FCA0-4305-9142-0EE2E96A91E3}.AppStore|ARM.ActiveCfg = Release|ARM
		{9EAE90B3-FCA0-4305-9142-0EE2E96A91E3}.AppStore|ARM.Build.0 = Release|ARM
		{9EAE90B3-FCA0-4305-9142-0EE2E96A91E3}.AppStore|ARM.Deploy.0 = Release|ARM
		{9EAE90B3-FCA0-4305-9142-0EE2E96A91E3}.AppStore|iPhone.ActiveCfg = Release|x86
		{9EAE90B3-FCA0-4305-9142-0EE2E96A91E3}.AppStore|iPhone.Build.0 = Release|x86
		{9EAE90B3-FCA0-4305-9142-0EE2E96A91E3}.AppStore|iPhone.Deploy.0 = Release|x86
		{9EAE90B3-FCA0-4305-9142-0EE2E96A91E3}.AppStore|iPhoneSimulator.ActiveCfg = Release|x86
		{9EAE90B3-FCA0-4305-9142-0EE2E96A91E3}.AppStore|iPhoneSimulator.Build.0 = Release|x86
		{9EAE90B3-FCA0-4305-9142-0EE2E96A91E3}.AppStore|iPhoneSimulator.Deploy.0 = Release|x86
		{9EAE90B3-FCA0-4305-9142-0EE2E96A91E3}.AppStore|x64.ActiveCfg = Release|x64
		{9EAE90B3-FCA0-4305-9142-0EE2E96A91E3}.AppStore|x64.Build.0 = Release|x64
		{9EAE90B3-FCA0-4305-9142-0EE2E96A91E3}.AppStore|x64.Deploy.0 = Release|x64
		{9EAE90B3-FCA0-4305-9142-0EE2E96A91E3}.AppStore|x86.ActiveCfg = Release|x86
		{9EAE90B3-FCA0-4305-9142-0EE2E96A91E3}.AppStore|x86.Build.0 = Release|x86
		{9EAE90B3-FCA0-4305-9142-0EE2E96A91E3}.AppStore|x86.Deploy.0 = Release|x86
		{9EAE90B3-FCA0-4305-9142-0EE2E96A91E3}.Debug|Any CPU.ActiveCfg = Debug|x86
		{9EAE90B3-FCA0-4305-9142-0EE2E96A91E3}.Debug|ARM.ActiveCfg = Debug|ARM
		{9EAE90B3-FCA0-4305-9142-0EE2E96A91E3}.Debug|ARM.Build.0 = Debug|ARM
		{9EAE90B3-FCA0-4305-9142-0EE2E96A91E3}.Debug|ARM.Deploy.0 = Debug|ARM
		{9EAE90B3-FCA0-4305-9142-0EE2E96A91E3}.Debug|iPhone.ActiveCfg = Debug|x86
		{9EAE90B3-FCA0-4305-9142-0EE2E96A91E3}.Debug|iPhoneSimulator.ActiveCfg = Debug|x86
		{9EAE90B3-FCA0-4305-9142-0EE2E96A91E3}.Debug|x64.ActiveCfg = Debug|x64
		{9EAE90B3-FCA0-4305-9142-0EE2E96A91E3}.Debug|x64.Build.0 = Debug|x64
		{9EAE90B3-FCA0-4305-9142-0EE2E96A91E3}.Debug|x64.Deploy.0 = Debug|x64
		{9EAE90B3-FCA0-4305-9142-0EE2E96A91E3}.Debug|x86.ActiveCfg = Debug|x86
		{9EAE90B3-FCA0-4305-9142-0EE2E96A91E3}.Debug|x86.Build.0 = Debug|x86
		{9EAE90B3-FCA0-4305-9142-0EE2E96A91E3}.Debug|x86.Deploy.0 = Debug|x86
		{9EAE90B3-FCA0-4305-9142-0EE2E96A91E3}.Release|Any CPU.ActiveCfg = Release|x86
		{9EAE90B3-FCA0-4305-9142-0EE2E96A91E3}.Release|ARM.ActiveCfg = Release|ARM
		{9EAE90B3-FCA0-4305-9142-0EE2E96A91E3}.Release|ARM.Build.0 = Release|ARM
		{9EAE90B3-FCA0-4305-9142-0EE2E96A91E3}.Release|ARM.Deploy.0 = Release|ARM
		{9EAE90B3-FCA0-4305-9142-0EE2E96A91E3}.Release|iPhone.ActiveCfg = Release|x86
		{9EAE90B3-FCA0-4305-9142-0EE2E96A91E3}.Release|iPhoneSimulator.ActiveCfg = Release|x86
		{9EAE90B3-FCA0-4305-9142-0EE2E96A91E3}.Release|x64.ActiveCfg = Release|x64
		{9EAE90B3-FCA0-4305-9142-0EE2E96A91E3}.Release|x64.Build.0 = Release|x64
		{9EAE90B3-FCA0-4305-9142-0EE2E96A91E3}.Release|x64.Deploy.0 = Release|x64
		{9EAE90B3-FCA0-4305-9142-0EE2E96A91E3}.Release|x86.ActiveCfg = Release|x86
		{9EAE90B3-FCA0-4305-9142-0EE2E96A91E3}.Release|x86.Build.0 = Release|x86
		{9EAE90B3-FCA0-4305-9142-0EE2E96A91E3}.Release|x86.Deploy.0 = Release|x86
		{4CFB80CB-D91C-4146-B425-E9EA208CB0B1}.Ad-Hoc|Any CPU.ActiveCfg = Debug|Any CPU
		{4CFB80CB-D91C-4146-B425-E9EA208CB0B1}.Ad-Hoc|Any CPU.Build.0 = Debug|Any CPU
		{4CFB80CB-D91C-4146-B425-E9EA208CB0B1}.Ad-Hoc|ARM.ActiveCfg = Debug|Any CPU
		{4CFB80CB-D91C-4146-B425-E9EA208CB0B1}.Ad-Hoc|ARM.Build.0 = Debug|Any CPU
		{4CFB80CB-D91C-4146-B425-E9EA208CB0B1}.Ad-Hoc|iPhone.ActiveCfg = Debug|Any CPU
		{4CFB80CB-D91C-4146-B425-E9EA208CB0B1}.Ad-Hoc|iPhone.Build.0 = Debug|Any CPU
		{4CFB80CB-D91C-4146-B425-E9EA208CB0B1}.Ad-Hoc|iPhoneSimulator.ActiveCfg = Debug|Any CPU
		{4CFB80CB-D91C-4146-B425-E9EA208CB0B1}.Ad-Hoc|iPhoneSimulator.Build.0 = Debug|Any CPU
		{4CFB80CB-D91C-4146-B425-E9EA208CB0B1}.Ad-Hoc|x64.ActiveCfg = Debug|Any CPU
		{4CFB80CB-D91C-4146-B425-E9EA208CB0B1}.Ad-Hoc|x64.Build.0 = Debug|Any CPU
		{4CFB80CB-D91C-4146-B425-E9EA208CB0B1}.Ad-Hoc|x86.ActiveCfg = Debug|Any CPU
		{4CFB80CB-D91C-4146-B425-E9EA208CB0B1}.Ad-Hoc|x86.Build.0 = Debug|Any CPU
		{4CFB80CB-D91C-4146-B425-E9EA208CB0B1}.AppStore|Any CPU.ActiveCfg = Debug|Any CPU
		{4CFB80CB-D91C-4146-B425-E9EA208CB0B1}.AppStore|Any CPU.Build.0 = Debug|Any CPU
		{4CFB80CB-D91C-4146-B425-E9EA208CB0B1}.AppStore|ARM.ActiveCfg = Debug|Any CPU
		{4CFB80CB-D91C-4146-B425-E9EA208CB0B1}.AppStore|ARM.Build.0 = Debug|Any CPU
		{4CFB80CB-D91C-4146-B425-E9EA208CB0B1}.AppStore|iPhone.ActiveCfg = Debug|Any CPU
		{4CFB80CB-D91C-4146-B425-E9EA208CB0B1}.AppStore|iPhone.Build.0 = Debug|Any CPU
		{4CFB80CB-D91C-4146-B425-E9EA208CB0B1}.AppStore|iPhoneSimulator.ActiveCfg = Debug|Any CPU
		{4CFB80CB-D91C-4146-B425-E9EA208CB0B1}.AppStore|iPhoneSimulator.Build.0 = Debug|Any CPU
		{4CFB80CB-D91C-4146-B425-E9EA208CB0B1}.AppStore|x64.ActiveCfg = Debug|Any CPU
		{4CFB80CB-D91C-4146-B425-E9EA208CB0B1}.AppStore|x64.Build.0 = Debug|Any CPU
		{4CFB80CB-D91C-4146-B425-E9EA208CB0B1}.AppStore|x86.ActiveCfg = Debug|Any CPU
		{4CFB80CB-D91C-4146-B425-E9EA208CB0B1}.AppStore|x86.Build.0 = Debug|Any CPU
		{4CFB80CB-D91C-4146-B425-E9EA208CB0B1}.Debug|Any CPU.ActiveCfg = Debug|Any CPU
		{4CFB80CB-D91C-4146-B425-E9EA208CB0B1}.Debug|Any CPU.Build.0 = Debug|Any CPU
		{4CFB80CB-D91C-4146-B425-E9EA208CB0B1}.Debug|ARM.ActiveCfg = Debug|Any CPU
		{4CFB80CB-D91C-4146-B425-E9EA208CB0B1}.Debug|ARM.Build.0 = Debug|Any CPU
		{4CFB80CB-D91C-4146-B425-E9EA208CB0B1}.Debug|iPhone.ActiveCfg = Debug|Any CPU
		{4CFB80CB-D91C-4146-B425-E9EA208CB0B1}.Debug|iPhone.Build.0 = Debug|Any CPU
		{4CFB80CB-D91C-4146-B425-E9EA208CB0B1}.Debug|iPhoneSimulator.ActiveCfg = Debug|Any CPU
		{4CFB80CB-D91C-4146-B425-E9EA208CB0B1}.Debug|iPhoneSimulator.Build.0 = Debug|Any CPU
		{4CFB80CB-D91C-4146-B425-E9EA208CB0B1}.Debug|x64.ActiveCfg = Debug|Any CPU
		{4CFB80CB-D91C-4146-B425-E9EA208CB0B1}.Debug|x64.Build.0 = Debug|Any CPU
		{4CFB80CB-D91C-4146-B425-E9EA208CB0B1}.Debug|x86.ActiveCfg = Debug|Any CPU
		{4CFB80CB-D91C-4146-B425-E9EA208CB0B1}.Debug|x86.Build.0 = Debug|Any CPU
		{4CFB80CB-D91C-4146-B425-E9EA208CB0B1}.Release|Any CPU.ActiveCfg = Release|Any CPU
		{4CFB80CB-D91C-4146-B425-E9EA208CB0B1}.Release|Any CPU.Build.0 = Release|Any CPU
		{4CFB80CB-D91C-4146-B425-E9EA208CB0B1}.Release|ARM.ActiveCfg = Release|Any CPU
		{4CFB80CB-D91C-4146-B425-E9EA208CB0B1}.Release|ARM.Build.0 = Release|Any CPU
		{4CFB80CB-D91C-4146-B425-E9EA208CB0B1}.Release|iPhone.ActiveCfg = Release|Any CPU
		{4CFB80CB-D91C-4146-B425-E9EA208CB0B1}.Release|iPhone.Build.0 = Release|Any CPU
		{4CFB80CB-D91C-4146-B425-E9EA208CB0B1}.Release|iPhoneSimulator.ActiveCfg = Release|Any CPU
		{4CFB80CB-D91C-4146-B425-E9EA208CB0B1}.Release|iPhoneSimulator.Build.0 = Release|Any CPU
		{4CFB80CB-D91C-4146-B425-E9EA208CB0B1}.Release|x64.ActiveCfg = Release|Any CPU
		{4CFB80CB-D91C-4146-B425-E9EA208CB0B1}.Release|x64.Build.0 = Release|Any CPU
		{4CFB80CB-D91C-4146-B425-E9EA208CB0B1}.Release|x86.ActiveCfg = Release|Any CPU
		{4CFB80CB-D91C-4146-B425-E9EA208CB0B1}.Release|x86.Build.0 = Release|Any CPU
	EndGlobalSection
	GlobalSection(SolutionProperties) = preSolution
		HideSolutionNode = FALSE
	EndGlobalSection
	GlobalSection(ExtensibilityGlobals) = postSolution
		SolutionGuid = {426E69DF-1924-49EC-838B-B5F3F5ED327F}
	EndGlobalSection
EndGlobal
